
Microsoft Visual Studio Solution File, Format Version 12.00
Project("{FAE04EC0-301F-11D3-BF4B-00C04F79EFBC}") = "DoDo.Net", "DoDo.Net\DoDo.Net.csproj", "{72D07E17-4452-46E7-A0D4-3C0A64ED74A8}"
EndProject
Project("{FAE04EC0-301F-11D3-BF4B-00C04F79EFBC}") = "DoDo.NET.DemoApp1", "DoDo.NET.DemoApp1\DoDo.NET.DemoApp1.csproj", "{2192E85A-AA16-4882-AC5C-0539A77276AA}"
EndProject
Global
	GlobalSection(SolutionConfigurationPlatforms) = preSolution
		Debug|Any CPU = Debug|Any CPU
		Release|Any CPU = Release|Any CPU
	EndGlobalSection
	GlobalSection(ProjectConfigurationPlatforms) = postSolution
		{72D07E17-4452-46E7-A0D4-3C0A64ED74A8}.Debug|Any CPU.ActiveCfg = Debug|Any CPU
		{72D07E17-4452-46E7-A0D4-3C0A64ED74A8}.Debug|Any CPU.Build.0 = Debug|Any CPU
		{72D07E17-4452-46E7-A0D4-3C0A64ED74A8}.Release|Any CPU.ActiveCfg = Release|Any CPU
		{72D07E17-4452-46E7-A0D4-3C0A64ED74A8}.Release|Any CPU.Build.0 = Release|Any CPU
		{2192E85A-AA16-4882-AC5C-0539A77276AA}.Debug|Any CPU.ActiveCfg = Debug|Any CPU
		{2192E85A-AA16-4882-AC5C-0539A77276AA}.Debug|Any CPU.Build.0 = Debug|Any CPU
		{2192E85A-AA16-4882-AC5C-0539A77276AA}.Release|Any CPU.ActiveCfg = Release|Any CPU
		{2192E85A-AA16-4882-AC5C-0539A77276AA}.Release|Any CPU.Build.0 = Release|Any CPU
	EndGlobalSection
EndGlobal
